// !$*UTF8*$!
{
	archiveVersion = 1;
	classes = {
	};
	objectVersion = 77;
	objects = {

/* Begin PBXBuildFile section */
		CCBD03F32CE8D9A50068B11C /* DriverKit.framework in Frameworks */ = {isa = PBXBuildFile; fileRef = CCBD03F22CE8D9A50068B11C /* DriverKit.framework */; };
		CCBD03FC2CE8D9A50068B11C /* UCU.USBHIDDriverApp.USBHIDDriverDriver.dext in Embed System Extensions */ = {isa = PBXBuildFile; fileRef = CCBD03F02CE8D9A50068B11C /* UCU.USBHIDDriverApp.USBHIDDriverDriver.dext */; settings = {ATTRIBUTES = (RemoveHeadersOnCopy, ); }; };
		CCCF07F12CEA3F2500141048 /* HIDDriverKit.framework in Frameworks */ = {isa = PBXBuildFile; fileRef = CCCF07F02CEA3F2500141048 /* HIDDriverKit.framework */; };
/* End PBXBuildFile section */

/* Begin PBXContainerItemProxy section */
		CCBD03CF2CE8D8990068B11C /* PBXContainerItemProxy */ = {
			isa = PBXContainerItemProxy;
			containerPortal = CCBD03B52CE8D8950068B11C /* Project object */;
			proxyType = 1;
			remoteGlobalIDString = CCBD03BC2CE8D8950068B11C;
			remoteInfo = USBHIDDriverApp;
		};
		CCBD03D92CE8D8990068B11C /* PBXContainerItemProxy */ = {
			isa = PBXContainerItemProxy;
			containerPortal = CCBD03B52CE8D8950068B11C /* Project object */;
			proxyType = 1;
			remoteGlobalIDString = CCBD03BC2CE8D8950068B11C;
			remoteInfo = USBHIDDriverApp;
		};
		CCBD03FA2CE8D9A50068B11C /* PBXContainerItemProxy */ = {
			isa = PBXContainerItemProxy;
			containerPortal = CCBD03B52CE8D8950068B11C /* Project object */;
			proxyType = 1;
			remoteGlobalIDString = CCBD03EF2CE8D9A50068B11C;
			remoteInfo = USBHIDDriverDriver;
		};
/* End PBXContainerItemProxy section */

/* Begin PBXCopyFilesBuildPhase section */
		CCBD04012CE8D9A50068B11C /* Embed System Extensions */ = {
			isa = PBXCopyFilesBuildPhase;
			buildActionMask = 2147483647;
			dstPath = "$(SYSTEM_EXTENSIONS_FOLDER_PATH)";
			dstSubfolderSpec = 16;
			files = (
				CCBD03FC2CE8D9A50068B11C /* UCU.USBHIDDriverApp.USBHIDDriverDriver.dext in Embed System Extensions */,
			);
			name = "Embed System Extensions";
			runOnlyForDeploymentPostprocessing = 0;
		};
/* End PBXCopyFilesBuildPhase section */

/* Begin PBXFileReference section */
		CC2373592CE8E1DE00D37A7B /* USBHIDDriverApp.xctestplan */ = {isa = PBXFileReference; lastKnownFileType = text; path = USBHIDDriverApp.xctestplan; sourceTree = "<group>"; };
		CCBD03BD2CE8D8950068B11C /* USBHIDDriverApp.app */ = {isa = PBXFileReference; explicitFileType = wrapper.application; includeInIndex = 0; path = USBHIDDriverApp.app; sourceTree = BUILT_PRODUCTS_DIR; };
		CCBD03CE2CE8D8990068B11C /* USBHIDDriverAppTests.xctest */ = {isa = PBXFileReference; explicitFileType = wrapper.cfbundle; includeInIndex = 0; path = USBHIDDriverAppTests.xctest; sourceTree = BUILT_PRODUCTS_DIR; };
		CCBD03D82CE8D8990068B11C /* USBHIDDriverAppUITests.xctest */ = {isa = PBXFileReference; explicitFileType = wrapper.cfbundle; includeInIndex = 0; path = USBHIDDriverAppUITests.xctest; sourceTree = BUILT_PRODUCTS_DIR; };
		CCBD03F02CE8D9A50068B11C /* UCU.USBHIDDriverApp.USBHIDDriverDriver.dext */ = {isa = PBXFileReference; explicitFileType = "wrapper.driver-extension"; includeInIndex = 0; path = UCU.USBHIDDriverApp.USBHIDDriverDriver.dext; sourceTree = BUILT_PRODUCTS_DIR; };
		CCBD03F22CE8D9A50068B11C /* DriverKit.framework */ = {isa = PBXFileReference; lastKnownFileType = wrapper.framework; name = DriverKit.framework; path = System/Library/Frameworks/DriverKit.framework; sourceTree = SDKROOT; };
		CCCF07F02CEA3F2500141048 /* HIDDriverKit.framework */ = {isa = PBXFileReference; lastKnownFileType = wrapper.framework; name = HIDDriverKit.framework; path = Platforms/DriverKit.platform/Developer/SDKs/DriverKit24.1.sdk/System/DriverKit/System/Library/Frameworks/HIDDriverKit.framework; sourceTree = DEVELOPER_DIR; };
/* End PBXFileReference section */

/* Begin PBXFileSystemSynchronizedBuildFileExceptionSet section */
		CC91657D2CEB7577005BEBB5 /* Exceptions for "USBHIDDriverApp" folder in "USBHIDDriverApp" target */ = {
			isa = PBXFileSystemSynchronizedBuildFileExceptionSet;
			membershipExceptions = (
				ContentView.swift,
				Info.plist,
				USBHIDDriverAppApp.swift,
			);
			target = CCBD03BC2CE8D8950068B11C /* USBHIDDriverApp */;
		};
		CC99637D2CEA69E000A8CC62 /* Exceptions for "Contents" folder in "USBHIDDriverApp" target */ = {
			isa = PBXFileSystemSynchronizedBuildFileExceptionSet;
			membershipExceptions = (
				Library/SystemExtensions/USBHIDDriverDriver/Info.plist,
				Library/SystemExtensions/USBHIDDriverDriver/USBHIDDriverDriver.cpp,
				Library/SystemExtensions/USBHIDDriverDriver/USBHIDDriverDriver.iig,
			);
			target = CCBD03BC2CE8D8950068B11C /* USBHIDDriverApp */;
		};
		CC99637E2CEA69E000A8CC62 /* Exceptions for "Contents" folder in "USBHIDDriverDriver" target */ = {
			isa = PBXFileSystemSynchronizedBuildFileExceptionSet;
			membershipExceptions = (
				Library/SystemExtensions/USBHIDDriverDriver/USBHIDDriverDriver.cpp,
				Library/SystemExtensions/USBHIDDriverDriver/USBHIDDriverDriver.iig,
			);
			target = CCBD03EF2CE8D9A50068B11C /* USBHIDDriverDriver */;
		};
/* End PBXFileSystemSynchronizedBuildFileExceptionSet section */

/* Begin PBXFileSystemSynchronizedRootGroup section */
		CC99637A2CEA69DF00A8CC62 /* Contents */ = {
			isa = PBXFileSystemSynchronizedRootGroup;
			exceptions = (
				CC99637D2CEA69E000A8CC62 /* Exceptions for "Contents" folder in "USBHIDDriverApp" target */,
				CC99637E2CEA69E000A8CC62 /* Exceptions for "Contents" folder in "USBHIDDriverDriver" target */,
			);
			path = Contents;
			sourceTree = "<group>";
		};
		CCBD03BF2CE8D8950068B11C /* USBHIDDriverApp */ = {
			isa = PBXFileSystemSynchronizedRootGroup;
			exceptions = (
				CC91657D2CEB7577005BEBB5 /* Exceptions for "USBHIDDriverApp" folder in "USBHIDDriverApp" target */,
			);
			path = USBHIDDriverApp;
			sourceTree = "<group>";
		};
		CCBD03D12CE8D8990068B11C /* USBHIDDriverAppTests */ = {
			isa = PBXFileSystemSynchronizedRootGroup;
			path = USBHIDDriverAppTests;
			sourceTree = "<group>";
		};
		CCBD03DB2CE8D8990068B11C /* USBHIDDriverAppUITests */ = {
			isa = PBXFileSystemSynchronizedRootGroup;
			path = USBHIDDriverAppUITests;
			sourceTree = "<group>";
		};
/* End PBXFileSystemSynchronizedRootGroup section */

/* Begin PBXFrameworksBuildPhase section */
		CCBD03BA2CE8D8950068B11C /* Frameworks */ = {
			isa = PBXFrameworksBuildPhase;
			buildActionMask = 2147483647;
			files = (
			);
			runOnlyForDeploymentPostprocessing = 0;
		};
		CCBD03CB2CE8D8990068B11C /* Frameworks */ = {
			isa = PBXFrameworksBuildPhase;
			buildActionMask = 2147483647;
			files = (
			);
			runOnlyForDeploymentPostprocessing = 0;
		};
		CCBD03D52CE8D8990068B11C /* Frameworks */ = {
			isa = PBXFrameworksBuildPhase;
			buildActionMask = 2147483647;
			files = (
			);
			runOnlyForDeploymentPostprocessing = 0;
		};
		CCBD03ED2CE8D9A50068B11C /* Frameworks */ = {
			isa = PBXFrameworksBuildPhase;
			buildActionMask = 2147483647;
			files = (
				CCBD03F32CE8D9A50068B11C /* DriverKit.framework in Frameworks */,
				CCCF07F12CEA3F2500141048 /* HIDDriverKit.framework in Frameworks */,
			);
			runOnlyForDeploymentPostprocessing = 0;
		};
/* End PBXFrameworksBuildPhase section */

/* Begin PBXGroup section */
		CCBD03B42CE8D8950068B11C = {
			isa = PBXGroup;
			children = (
				CC99637A2CEA69DF00A8CC62 /* Contents */,
				CC2373592CE8E1DE00D37A7B /* USBHIDDriverApp.xctestplan */,
				CCBD03BF2CE8D8950068B11C /* USBHIDDriverApp */,
				CCBD03D12CE8D8990068B11C /* USBHIDDriverAppTests */,
				CCBD03DB2CE8D8990068B11C /* USBHIDDriverAppUITests */,
				CCBD03F12CE8D9A50068B11C /* Frameworks */,
				CCBD03BE2CE8D8950068B11C /* Products */,
			);
			sourceTree = "<group>";
		};
		CCBD03BE2CE8D8950068B11C /* Products */ = {
			isa = PBXGroup;
			children = (
				CCBD03BD2CE8D8950068B11C /* USBHIDDriverApp.app */,
				CCBD03CE2CE8D8990068B11C /* USBHIDDriverAppTests.xctest */,
				CCBD03D82CE8D8990068B11C /* USBHIDDriverAppUITests.xctest */,
				CCBD03F02CE8D9A50068B11C /* UCU.USBHIDDriverApp.USBHIDDriverDriver.dext */,
			);
			name = Products;
			sourceTree = "<group>";
		};
		CCBD03F12CE8D9A50068B11C /* Frameworks */ = {
			isa = PBXGroup;
			children = (
				CCCF07F02CEA3F2500141048 /* HIDDriverKit.framework */,
				CCBD03F22CE8D9A50068B11C /* DriverKit.framework */,
			);
			name = Frameworks;
			sourceTree = "<group>";
		};
/* End PBXGroup section */

/* Begin PBXHeadersBuildPhase section */
		CCBD03EB2CE8D9A50068B11C /* Headers */ = {
			isa = PBXHeadersBuildPhase;
			buildActionMask = 2147483647;
			files = (
			);
			runOnlyForDeploymentPostprocessing = 0;
		};
/* End PBXHeadersBuildPhase section */

/* Begin PBXNativeTarget section */
		CCBD03BC2CE8D8950068B11C /* USBHIDDriverApp */ = {
			isa = PBXNativeTarget;
			buildConfigurationList = CCBD03E22CE8D8990068B11C /* Build configuration list for PBXNativeTarget "USBHIDDriverApp" */;
			buildPhases = (
				CCBD03B92CE8D8950068B11C /* Sources */,
				CCBD03BA2CE8D8950068B11C /* Frameworks */,
				CCBD03BB2CE8D8950068B11C /* Resources */,
				CCBD04012CE8D9A50068B11C /* Embed System Extensions */,
			);
			buildRules = (
			);
			dependencies = (
				CCBD03FB2CE8D9A50068B11C /* PBXTargetDependency */,
			);
			fileSystemSynchronizedGroups = (
				CC99637A2CEA69DF00A8CC62 /* Contents */,
				CCBD03BF2CE8D8950068B11C /* USBHIDDriverApp */,
			);
			name = USBHIDDriverApp;
			packageProductDependencies = (
			);
			productName = USBHIDDriverApp;
			productReference = CCBD03BD2CE8D8950068B11C /* USBHIDDriverApp.app */;
			productType = "com.apple.product-type.application";
		};
		CCBD03CD2CE8D8990068B11C /* USBHIDDriverAppTests */ = {
			isa = PBXNativeTarget;
			buildConfigurationList = CCBD03E52CE8D8990068B11C /* Build configuration list for PBXNativeTarget "USBHIDDriverAppTests" */;
			buildPhases = (
				CCBD03CA2CE8D8990068B11C /* Sources */,
				CCBD03CB2CE8D8990068B11C /* Frameworks */,
				CCBD03CC2CE8D8990068B11C /* Resources */,
			);
			buildRules = (
			);
			dependencies = (
				CCBD03D02CE8D8990068B11C /* PBXTargetDependency */,
			);
			fileSystemSynchronizedGroups = (
				CCBD03D12CE8D8990068B11C /* USBHIDDriverAppTests */,
			);
			name = USBHIDDriverAppTests;
			packageProductDependencies = (
			);
			productName = USBHIDDriverAppTests;
			productReference = CCBD03CE2CE8D8990068B11C /* USBHIDDriverAppTests.xctest */;
			productType = "com.apple.product-type.bundle.unit-test";
		};
		CCBD03D72CE8D8990068B11C /* USBHIDDriverAppUITests */ = {
			isa = PBXNativeTarget;
			buildConfigurationList = CCBD03E82CE8D8990068B11C /* Build configuration list for PBXNativeTarget "USBHIDDriverAppUITests" */;
			buildPhases = (
				CCBD03D42CE8D8990068B11C /* Sources */,
				CCBD03D52CE8D8990068B11C /* Frameworks */,
				CCBD03D62CE8D8990068B11C /* Resources */,
			);
			buildRules = (
			);
			dependencies = (
				CCBD03DA2CE8D8990068B11C /* PBXTargetDependency */,
			);
			fileSystemSynchronizedGroups = (
				CCBD03DB2CE8D8990068B11C /* USBHIDDriverAppUITests */,
			);
			name = USBHIDDriverAppUITests;
			packageProductDependencies = (
			);
			productName = USBHIDDriverAppUITests;
			productReference = CCBD03D82CE8D8990068B11C /* USBHIDDriverAppUITests.xctest */;
			productType = "com.apple.product-type.bundle.ui-testing";
		};
		CCBD03EF2CE8D9A50068B11C /* USBHIDDriverDriver */ = {
			isa = PBXNativeTarget;
			buildConfigurationList = CCBD03FE2CE8D9A50068B11C /* Build configuration list for PBXNativeTarget "USBHIDDriverDriver" */;
			buildPhases = (
				CCBD03EB2CE8D9A50068B11C /* Headers */,
				CCBD03EC2CE8D9A50068B11C /* Sources */,
				CCBD03ED2CE8D9A50068B11C /* Frameworks */,
				CCBD03EE2CE8D9A50068B11C /* Resources */,
			);
			buildRules = (
			);
			dependencies = (
			);
			name = USBHIDDriverDriver;
			packageProductDependencies = (
			);
			productName = USBHIDDriverDriver;
			productReference = CCBD03F02CE8D9A50068B11C /* UCU.USBHIDDriverApp.USBHIDDriverDriver.dext */;
			productType = "com.apple.product-type.driver-extension";
		};
/* End PBXNativeTarget section */

/* Begin PBXProject section */
		CCBD03B52CE8D8950068B11C /* Project object */ = {
			isa = PBXProject;
			attributes = {
				BuildIndependentTargetsInParallel = 1;
				LastSwiftUpdateCheck = 1610;
				LastUpgradeCheck = 1610;
				TargetAttributes = {
					CCBD03BC2CE8D8950068B11C = {
						CreatedOnToolsVersion = 16.1;
					};
					CCBD03CD2CE8D8990068B11C = {
						CreatedOnToolsVersion = 16.1;
						TestTargetID = CCBD03BC2CE8D8950068B11C;
					};
					CCBD03D72CE8D8990068B11C = {
						CreatedOnToolsVersion = 16.1;
						TestTargetID = CCBD03BC2CE8D8950068B11C;
					};
					CCBD03EF2CE8D9A50068B11C = {
						CreatedOnToolsVersion = 16.1;
					};
				};
			};
			buildConfigurationList = CCBD03B82CE8D8950068B11C /* Build configuration list for PBXProject "USBHIDDriverApp" */;
			developmentRegion = en;
			hasScannedForEncodings = 0;
			knownRegions = (
				en,
				Base,
			);
			mainGroup = CCBD03B42CE8D8950068B11C;
			minimizedProjectReferenceProxies = 1;
			preferredProjectObjectVersion = 77;
			productRefGroup = CCBD03BE2CE8D8950068B11C /* Products */;
			projectDirPath = "";
			projectRoot = "";
			targets = (
				CCBD03BC2CE8D8950068B11C /* USBHIDDriverApp */,
				CCBD03CD2CE8D8990068B11C /* USBHIDDriverAppTests */,
				CCBD03D72CE8D8990068B11C /* USBHIDDriverAppUITests */,
				CCBD03EF2CE8D9A50068B11C /* USBHIDDriverDriver */,
			);
		};
/* End PBXProject section */

/* Begin PBXResourcesBuildPhase section */
		CCBD03BB2CE8D8950068B11C /* Resources */ = {
			isa = PBXResourcesBuildPhase;
			buildActionMask = 2147483647;
			files = (
			);
			runOnlyForDeploymentPostprocessing = 0;
		};
		CCBD03CC2CE8D8990068B11C /* Resources */ = {
			isa = PBXResourcesBuildPhase;
			buildActionMask = 2147483647;
			files = (
			);
			runOnlyForDeploymentPostprocessing = 0;
		};
		CCBD03D62CE8D8990068B11C /* Resources */ = {
			isa = PBXResourcesBuildPhase;
			buildActionMask = 2147483647;
			files = (
			);
			runOnlyForDeploymentPostprocessing = 0;
		};
		CCBD03EE2CE8D9A50068B11C /* Resources */ = {
			isa = PBXResourcesBuildPhase;
			buildActionMask = 2147483647;
			files = (
			);
			runOnlyForDeploymentPostprocessing = 0;
		};
/* End PBXResourcesBuildPhase section */

/* Begin PBXSourcesBuildPhase section */
		CCBD03B92CE8D8950068B11C /* Sources */ = {
			isa = PBXSourcesBuildPhase;
			buildActionMask = 2147483647;
			files = (
			);
			runOnlyForDeploymentPostprocessing = 0;
		};
		CCBD03CA2CE8D8990068B11C /* Sources */ = {
			isa = PBXSourcesBuildPhase;
			buildActionMask = 2147483647;
			files = (
			);
			runOnlyForDeploymentPostprocessing = 0;
		};
		CCBD03D42CE8D8990068B11C /* Sources */ = {
			isa = PBXSourcesBuildPhase;
			buildActionMask = 2147483647;
			files = (
			);
			runOnlyForDeploymentPostprocessing = 0;
		};
		CCBD03EC2CE8D9A50068B11C /* Sources */ = {
			isa = PBXSourcesBuildPhase;
			buildActionMask = 2147483647;
			files = (
			);
			runOnlyForDeploymentPostprocessing = 0;
		};
/* End PBXSourcesBuildPhase section */

/* Begin PBXTargetDependency section */
		CCBD03D02CE8D8990068B11C /* PBXTargetDependency */ = {
			isa = PBXTargetDependency;
			target = CCBD03BC2CE8D8950068B11C /* USBHIDDriverApp */;
			targetProxy = CCBD03CF2CE8D8990068B11C /* PBXContainerItemProxy */;
		};
		CCBD03DA2CE8D8990068B11C /* PBXTargetDependency */ = {
			isa = PBXTargetDependency;
			target = CCBD03BC2CE8D8950068B11C /* USBHIDDriverApp */;
			targetProxy = CCBD03D92CE8D8990068B11C /* PBXContainerItemProxy */;
		};
		CCBD03FB2CE8D9A50068B11C /* PBXTargetDependency */ = {
			isa = PBXTargetDependency;
			target = CCBD03EF2CE8D9A50068B11C /* USBHIDDriverDriver */;
			targetProxy = CCBD03FA2CE8D9A50068B11C /* PBXContainerItemProxy */;
		};
/* End PBXTargetDependency section */

/* Begin XCBuildConfiguration section */
		CCBD03E02CE8D8990068B11C /* Debug */ = {
			isa = XCBuildConfiguration;
			buildSettings = {
				ALWAYS_SEARCH_USER_PATHS = NO;
				ASSETCATALOG_COMPILER_GENERATE_SWIFT_ASSET_SYMBOL_EXTENSIONS = YES;
				CLANG_ANALYZER_NONNULL = YES;
				CLANG_ANALYZER_NUMBER_OBJECT_CONVERSION = YES_AGGRESSIVE;
				CLANG_CXX_LANGUAGE_STANDARD = "gnu++20";
				CLANG_ENABLE_MODULES = YES;
				CLANG_ENABLE_OBJC_ARC = YES;
				CLANG_ENABLE_OBJC_WEAK = YES;
				CLANG_WARN_BLOCK_CAPTURE_AUTORELEASING = YES;
				CLANG_WARN_BOOL_CONVERSION = YES;
				CLANG_WARN_COMMA = YES;
				CLANG_WARN_CONSTANT_CONVERSION = YES;
				CLANG_WARN_DEPRECATED_OBJC_IMPLEMENTATIONS = YES;
				CLANG_WARN_DIRECT_OBJC_ISA_USAGE = YES_ERROR;
				CLANG_WARN_DOCUMENTATION_COMMENTS = YES;
				CLANG_WARN_EMPTY_BODY = YES;
				CLANG_WARN_ENUM_CONVERSION = YES;
				CLANG_WARN_INFINITE_RECURSION = YES;
				CLANG_WARN_INT_CONVERSION = YES;
				CLANG_WARN_NON_LITERAL_NULL_CONVERSION = YES;
				CLANG_WARN_OBJC_IMPLICIT_RETAIN_SELF = YES;
				CLANG_WARN_OBJC_LITERAL_CONVERSION = YES;
				CLANG_WARN_OBJC_ROOT_CLASS = YES_ERROR;
				CLANG_WARN_QUOTED_INCLUDE_IN_FRAMEWORK_HEADER = YES;
				CLANG_WARN_RANGE_LOOP_ANALYSIS = YES;
				CLANG_WARN_STRICT_PROTOTYPES = YES;
				CLANG_WARN_SUSPICIOUS_MOVE = YES;
				CLANG_WARN_UNGUARDED_AVAILABILITY = YES_AGGRESSIVE;
				CLANG_WARN_UNREACHABLE_CODE = YES;
				CLANG_WARN__DUPLICATE_METHOD_MATCH = YES;
				COPY_PHASE_STRIP = NO;
				DEBUG_INFORMATION_FORMAT = dwarf;
				ENABLE_STRICT_OBJC_MSGSEND = YES;
				ENABLE_TESTABILITY = YES;
				ENABLE_USER_SCRIPT_SANDBOXING = YES;
				GCC_C_LANGUAGE_STANDARD = gnu17;
				GCC_DYNAMIC_NO_PIC = NO;
				GCC_NO_COMMON_BLOCKS = YES;
				GCC_OPTIMIZATION_LEVEL = 0;
				GCC_PREPROCESSOR_DEFINITIONS = (
					"DEBUG=1",
					"$(inherited)",
				);
				GCC_WARN_64_TO_32_BIT_CONVERSION = YES;
				GCC_WARN_ABOUT_RETURN_TYPE = YES_ERROR;
				GCC_WARN_UNDECLARED_SELECTOR = YES;
				GCC_WARN_UNINITIALIZED_AUTOS = YES_AGGRESSIVE;
				GCC_WARN_UNUSED_FUNCTION = YES;
				GCC_WARN_UNUSED_VARIABLE = YES;
				LOCALIZATION_PREFERS_STRING_CATALOGS = YES;
				MACOSX_DEPLOYMENT_TARGET = 14.6;
				MTL_ENABLE_DEBUG_INFO = INCLUDE_SOURCE;
				MTL_FAST_MATH = YES;
				ONLY_ACTIVE_ARCH = YES;
				SDKROOT = macosx;
				SWIFT_ACTIVE_COMPILATION_CONDITIONS = "DEBUG $(inherited)";
				SWIFT_OPTIMIZATION_LEVEL = "-Onone";
			};
			name = Debug;
		};
		CCBD03E12CE8D8990068B11C /* Release */ = {
			isa = XCBuildConfiguration;
			buildSettings = {
				ALWAYS_SEARCH_USER_PATHS = NO;
				ASSETCATALOG_COMPILER_GENERATE_SWIFT_ASSET_SYMBOL_EXTENSIONS = YES;
				CLANG_ANALYZER_NONNULL = YES;
				CLANG_ANALYZER_NUMBER_OBJECT_CONVERSION = YES_AGGRESSIVE;
				CLANG_CXX_LANGUAGE_STANDARD = "gnu++20";
				CLANG_ENABLE_MODULES = YES;
				CLANG_ENABLE_OBJC_ARC = YES;
				CLANG_ENABLE_OBJC_WEAK = YES;
				CLANG_WARN_BLOCK_CAPTURE_AUTORELEASING = YES;
				CLANG_WARN_BOOL_CONVERSION = YES;
				CLANG_WARN_COMMA = YES;
				CLANG_WARN_CONSTANT_CONVERSION = YES;
				CLANG_WARN_DEPRECATED_OBJC_IMPLEMENTATIONS = YES;
				CLANG_WARN_DIRECT_OBJC_ISA_USAGE = YES_ERROR;
				CLANG_WARN_DOCUMENTATION_COMMENTS = YES;
				CLANG_WARN_EMPTY_BODY = YES;
				CLANG_WARN_ENUM_CONVERSION = YES;
				CLANG_WARN_INFINITE_RECURSION = YES;
				CLANG_WARN_INT_CONVERSION = YES;
				CLANG_WARN_NON_LITERAL_NULL_CONVERSION = YES;
				CLANG_WARN_OBJC_IMPLICIT_RETAIN_SELF = YES;
				CLANG_WARN_OBJC_LITERAL_CONVERSION = YES;
				CLANG_WARN_OBJC_ROOT_CLASS = YES_ERROR;
				CLANG_WARN_QUOTED_INCLUDE_IN_FRAMEWORK_HEADER = YES;
				CLANG_WARN_RANGE_LOOP_ANALYSIS = YES;
				CLANG_WARN_STRICT_PROTOTYPES = YES;
				CLANG_WARN_SUSPICIOUS_MOVE = YES;
				CLANG_WARN_UNGUARDED_AVAILABILITY = YES_AGGRESSIVE;
				CLANG_WARN_UNREACHABLE_CODE = YES;
				CLANG_WARN__DUPLICATE_METHOD_MATCH = YES;
				COPY_PHASE_STRIP = NO;
				DEBUG_INFORMATION_FORMAT = "dwarf-with-dsym";
				ENABLE_NS_ASSERTIONS = NO;
				ENABLE_STRICT_OBJC_MSGSEND = YES;
				ENABLE_USER_SCRIPT_SANDBOXING = YES;
				GCC_C_LANGUAGE_STANDARD = gnu17;
				GCC_NO_COMMON_BLOCKS = YES;
				GCC_WARN_64_TO_32_BIT_CONVERSION = YES;
				GCC_WARN_ABOUT_RETURN_TYPE = YES_ERROR;
				GCC_WARN_UNDECLARED_SELECTOR = YES;
				GCC_WARN_UNINITIALIZED_AUTOS = YES_AGGRESSIVE;
				GCC_WARN_UNUSED_FUNCTION = YES;
				GCC_WARN_UNUSED_VARIABLE = YES;
				LOCALIZATION_PREFERS_STRING_CATALOGS = YES;
				MACOSX_DEPLOYMENT_TARGET = 14.6;
				MTL_ENABLE_DEBUG_INFO = NO;
				MTL_FAST_MATH = YES;
				SDKROOT = macosx;
				SWIFT_COMPILATION_MODE = wholemodule;
			};
			name = Release;
		};
		CCBD03E32CE8D8990068B11C /* Debug */ = {
			isa = XCBuildConfiguration;
			buildSettings = {
				ASSETCATALOG_COMPILER_APPICON_NAME = AppIcon;
				ASSETCATALOG_COMPILER_GLOBAL_ACCENT_COLOR_NAME = AccentColor;
				CODE_SIGN_ENTITLEMENTS = USBHIDDriverApp/USBHIDDriverApp.entitlements;
				CODE_SIGN_IDENTITY = "Apple Development";
				CODE_SIGN_STYLE = Automatic;
				COMBINE_HIDPI_IMAGES = YES;
				CURRENT_PROJECT_VERSION = 1;
				DEVELOPMENT_ASSET_PATHS = "\"USBHIDDriverApp/Preview Content\"";
				DEVELOPMENT_TEAM = 5R9PKFT37Q;
				ENABLE_HARDENED_RUNTIME = YES;
				ENABLE_PREVIEWS = YES;
				GENERATE_INFOPLIST_FILE = YES;
				INFOPLIST_FILE = USBHIDDriverApp/Info.plist;
				INFOPLIST_KEY_NSHumanReadableCopyright = "";
				LD_RUNPATH_SEARCH_PATHS = (
					"$(inherited)",
					"@executable_path/../Frameworks",
				);
				MARKETING_VERSION = 1.0;
				PRODUCT_BUNDLE_IDENTIFIER = UCU.USBHIDDriverApp;
				PRODUCT_NAME = "$(TARGET_NAME)";
				PROVISIONING_PROFILE_SPECIFIER = "";
				SWIFT_EMIT_LOC_STRINGS = YES;
				SWIFT_VERSION = 5.0;
			};
			name = Debug;
		};
		CCBD03E42CE8D8990068B11C /* Release */ = {
			isa = XCBuildConfiguration;
			buildSettings = {
				ASSETCATALOG_COMPILER_APPICON_NAME = AppIcon;
				ASSETCATALOG_COMPILER_GLOBAL_ACCENT_COLOR_NAME = AccentColor;
				CODE_SIGN_ENTITLEMENTS = USBHIDDriverApp/USBHIDDriverApp.entitlements;
				CODE_SIGN_IDENTITY = "Apple Development";
				CODE_SIGN_STYLE = Automatic;
				COMBINE_HIDPI_IMAGES = YES;
				CURRENT_PROJECT_VERSION = 1;
				DEVELOPMENT_ASSET_PATHS = "\"USBHIDDriverApp/Preview Content\"";
				DEVELOPMENT_TEAM = 5R9PKFT37Q;
				ENABLE_HARDENED_RUNTIME = YES;
				ENABLE_PREVIEWS = YES;
				GENERATE_INFOPLIST_FILE = YES;
				INFOPLIST_FILE = USBHIDDriverApp/Info.plist;
				INFOPLIST_KEY_NSHumanReadableCopyright = "";
				LD_RUNPATH_SEARCH_PATHS = (
					"$(inherited)",
					"@executable_path/../Frameworks",
				);
				MARKETING_VERSION = 1.0;
				PRODUCT_BUNDLE_IDENTIFIER = UCU.USBHIDDriverApp;
				PRODUCT_NAME = "$(TARGET_NAME)";
				PROVISIONING_PROFILE_SPECIFIER = "";
				SWIFT_EMIT_LOC_STRINGS = YES;
				SWIFT_VERSION = 5.0;
			};
			name = Release;
		};
		CCBD03E62CE8D8990068B11C /* Debug */ = {
			isa = XCBuildConfiguration;
			buildSettings = {
				BUNDLE_LOADER = "$(TEST_HOST)";
				CODE_SIGN_STYLE = Automatic;
				CURRENT_PROJECT_VERSION = 1;
				DEVELOPMENT_TEAM = 5R9PKFT37Q;
				GENERATE_INFOPLIST_FILE = YES;
				MACOSX_DEPLOYMENT_TARGET = 14.6;
				MARKETING_VERSION = 1.0;
				PRODUCT_BUNDLE_IDENTIFIER = UCU.USBHIDDriverAppTests;
				PRODUCT_NAME = "$(TARGET_NAME)";
				SWIFT_EMIT_LOC_STRINGS = NO;
				SWIFT_VERSION = 5.0;
				TEST_HOST = "$(BUILT_PRODUCTS_DIR)/USBHIDDriverApp.app/$(BUNDLE_EXECUTABLE_FOLDER_PATH)/USBHIDDriverApp";
			};
			name = Debug;
		};
		CCBD03E72CE8D8990068B11C /* Release */ = {
			isa = XCBuildConfiguration;
			buildSettings = {
				BUNDLE_LOADER = "$(TEST_HOST)";
				CODE_SIGN_STYLE = Automatic;
				CURRENT_PROJECT_VERSION = 1;
				DEVELOPMENT_TEAM = 5R9PKFT37Q;
				GENERATE_INFOPLIST_FILE = YES;
				MACOSX_DEPLOYMENT_TARGET = 14.6;
				MARKETING_VERSION = 1.0;
				PRODUCT_BUNDLE_IDENTIFIER = UCU.USBHIDDriverAppTests;
				PRODUCT_NAME = "$(TARGET_NAME)";
				SWIFT_EMIT_LOC_STRINGS = NO;
				SWIFT_VERSION = 5.0;
				TEST_HOST = "$(BUILT_PRODUCTS_DIR)/USBHIDDriverApp.app/$(BUNDLE_EXECUTABLE_FOLDER_PATH)/USBHIDDriverApp";
			};
			name = Release;
		};
		CCBD03E92CE8D8990068B11C /* Debug */ = {
			isa = XCBuildConfiguration;
			buildSettings = {
				CODE_SIGN_STYLE = Automatic;
				CURRENT_PROJECT_VERSION = 1;
				DEVELOPMENT_TEAM = 5R9PKFT37Q;
				GENERATE_INFOPLIST_FILE = YES;
				MARKETING_VERSION = 1.0;
				PRODUCT_BUNDLE_IDENTIFIER = UCU.USBHIDDriverAppUITests;
				PRODUCT_NAME = "$(TARGET_NAME)";
				SWIFT_EMIT_LOC_STRINGS = NO;
				SWIFT_VERSION = 5.0;
				TEST_TARGET_NAME = USBHIDDriverApp;
			};
			name = Debug;
		};
		CCBD03EA2CE8D8990068B11C /* Release */ = {
			isa = XCBuildConfiguration;
			buildSettings = {
				CODE_SIGN_STYLE = Automatic;
				CURRENT_PROJECT_VERSION = 1;
				DEVELOPMENT_TEAM = 5R9PKFT37Q;
				GENERATE_INFOPLIST_FILE = YES;
				MARKETING_VERSION = 1.0;
				PRODUCT_BUNDLE_IDENTIFIER = UCU.USBHIDDriverAppUITests;
				PRODUCT_NAME = "$(TARGET_NAME)";
				SWIFT_EMIT_LOC_STRINGS = NO;
				SWIFT_VERSION = 5.0;
				TEST_TARGET_NAME = USBHIDDriverApp;
			};
			name = Release;
		};
		CCBD03FF2CE8D9A50068B11C /* Debug */ = {
			isa = XCBuildConfiguration;
			buildSettings = {
				CODE_SIGN_ENTITLEMENTS = Contents/Library/SystemExtensions/USBHIDDriverDriver/USBHIDDriverDriver.entitlements;
				CODE_SIGN_IDENTITY = "Apple Development: Khrystyna Mysak (YKF859DHMJ)";
				CODE_SIGN_STYLE = Manual;
				CURRENT_PROJECT_VERSION = 1;
				DEVELOPMENT_TEAM = "";
				"DEVELOPMENT_TEAM[sdk=driverkit*]" = 5R9PKFT37Q;
				DRIVERKIT_DEPLOYMENT_TARGET = 24.1;
				FRAMEWORK_SEARCH_PATHS = (
					"$(inherited)",
					"$(SDKROOT)/System/DriverKit/System/Library/Frameworks",
				);
				GENERATE_INFOPLIST_FILE = YES;
				INFOPLIST_FILE = Contents/Library/SystemExtensions/USBHIDDriverDriver/Info.plist;
				MARKETING_VERSION = 1.0;
				NEW_SETTING = "";
				PRODUCT_BUNDLE_IDENTIFIER = UCU.USBHIDDriverApp.USBHIDDriverDriver;
				PRODUCT_NAME = "$(inherited)";
				PROVISIONING_PROFILE_SPECIFIER = "";
				"PROVISIONING_PROFILE_SPECIFIER[sdk=driverkit*]" = ProvisionProfileFinal;
				RUN_CLANG_STATIC_ANALYZER = YES;
				SDKROOT = driverkit;
				SKIP_INSTALL = YES;
				SWIFT_EMIT_LOC_STRINGS = YES;
			};
			name = Debug;
		};
		CCBD04002CE8D9A50068B11C /* Release */ = {
			isa = XCBuildConfiguration;
			buildSettings = {
				CODE_SIGN_ENTITLEMENTS = Contents/Library/SystemExtensions/USBHIDDriverDriver/USBHIDDriverDriver.entitlements;
				CODE_SIGN_IDENTITY = "Apple Development: Khrystyna Mysak (YKF859DHMJ)";
				CODE_SIGN_STYLE = Manual;
				CURRENT_PROJECT_VERSION = 1;
				DEVELOPMENT_TEAM = "";
				"DEVELOPMENT_TEAM[sdk=driverkit*]" = 5R9PKFT37Q;
				DRIVERKIT_DEPLOYMENT_TARGET = 24.1;
				FRAMEWORK_SEARCH_PATHS = (
					"$(inherited)",
					"$(SDKROOT)/System/DriverKit/System/Library/Frameworks",
				);
				GENERATE_INFOPLIST_FILE = YES;
				INFOPLIST_FILE = Contents/Library/SystemExtensions/USBHIDDriverDriver/Info.plist;
				MARKETING_VERSION = 1.0;
				NEW_SETTING = "";
				PRODUCT_BUNDLE_IDENTIFIER = UCU.USBHIDDriverApp.USBHIDDriverDriver;
				PRODUCT_NAME = "$(inherited)";
				PROVISIONING_PROFILE_SPECIFIER = "";
				"PROVISIONING_PROFILE_SPECIFIER[sdk=driverkit*]" = DevelopmentProv;
				RUN_CLANG_STATIC_ANALYZER = YES;
				SDKROOT = driverkit;
				SKIP_INSTALL = YES;
				SWIFT_EMIT_LOC_STRINGS = YES;
			};
			name = Release;
		};
/* End XCBuildConfiguration section */

/* Begin XCConfigurationList section */
		CCBD03B82CE8D8950068B11C /* Build configuration list for PBXProject "USBHIDDriverApp" */ = {
			isa = XCConfigurationList;
			buildConfigurations = (
				CCBD03E02CE8D8990068B11C /* Debug */,
				CCBD03E12CE8D8990068B11C /* Release */,
			);
			defaultConfigurationIsVisible = 0;
			defaultConfigurationName = Release;
		};
		CCBD03E22CE8D8990068B11C /* Build configuration list for PBXNativeTarget "USBHIDDriverApp" */ = {
			isa = XCConfigurationList;
			buildConfigurations = (
				CCBD03E32CE8D8990068B11C /* Debug */,
				CCBD03E42CE8D8990068B11C /* Release */,
			);
			defaultConfigurationIsVisible = 0;
			defaultConfigurationName = Release;
		};
		CCBD03E52CE8D8990068B11C /* Build configuration list for PBXNativeTarget "USBHIDDriverAppTests" */ = {
			isa = XCConfigurationList;
			buildConfigurations = (
				CCBD03E62CE8D8990068B11C /* Debug */,
				CCBD03E72CE8D8990068B11C /* Release */,
			);
			defaultConfigurationIsVisible = 0;
			defaultConfigurationName = Release;
		};
		CCBD03E82CE8D8990068B11C /* Build configuration list for PBXNativeTarget "USBHIDDriverAppUITests" */ = {
			isa = XCConfigurationList;
			buildConfigurations = (
				CCBD03E92CE8D8990068B11C /* Debug */,
				CCBD03EA2CE8D8990068B11C /* Release */,
			);
			defaultConfigurationIsVisible = 0;
			defaultConfigurationName = Release;
		};
		CCBD03FE2CE8D9A50068B11C /* Build configuration list for PBXNativeTarget "USBHIDDriverDriver" */ = {
			isa = XCConfigurationList;
			buildConfigurations = (
				CCBD03FF2CE8D9A50068B11C /* Debug */,
				CCBD04002CE8D9A50068B11C /* Release */,
			);
			defaultConfigurationIsVisible = 0;
			defaultConfigurationName = Release;
		};
/* End XCConfigurationList section */
	};
	rootObject = CCBD03B52CE8D8950068B11C /* Project object */;
}
